
Microsoft Visual Studio Solution File, Format Version 12.00
# Visual Studio 2015
Project("{FAE04EC0-301F-11D3-BF4B-00C04F79EFBC}") = "Mediocrity.CSharp.Plugins", "Mediocrity.CSharp.Plugins.csproj", "{3B30D85C-5A3B-C0CB-CDEA-8882A8F9DA2A}"
EndProject
Project("{FAE04EC0-301F-11D3-BF4B-00C04F79EFBC}") = "Mediocrity.CSharp", "Mediocrity.CSharp.csproj", "{498DF6BA-F4F8-E292-28C0-11C3E7F33E4F}"
EndProject
Project("{FAE04EC0-301F-11D3-BF4B-00C04F79EFBC}") = "Mediocrity.CSharp.Editor.Plugins", "Mediocrity.CSharp.Editor.Plugins.csproj", "{BDF575E6-ECA0-393E-F465-48675141F609}"
EndProject
Global
	GlobalSection(SolutionConfigurationPlatforms) = preSolution
		Debug|Any CPU = Debug|Any CPU
		Release|Any CPU = Release|Any CPU
	EndGlobalSection
	GlobalSection(ProjectConfigurationPlatforms) = postSolution
		{3B30D85C-5A3B-C0CB-CDEA-8882A8F9DA2A}.Debug|Any CPU.ActiveCfg = Debug|Any CPU
		{3B30D85C-5A3B-C0CB-CDEA-8882A8F9DA2A}.Debug|Any CPU.Build.0 = Debug|Any CPU
		{3B30D85C-5A3B-C0CB-CDEA-8882A8F9DA2A}.Release|Any CPU.ActiveCfg = Release|Any CPU
		{3B30D85C-5A3B-C0CB-CDEA-8882A8F9DA2A}.Release|Any CPU.Build.0 = Release|Any CPU
		{498DF6BA-F4F8-E292-28C0-11C3E7F33E4F}.Debug|Any CPU.ActiveCfg = Debug|Any CPU
		{498DF6BA-F4F8-E292-28C0-11C3E7F33E4F}.Debug|Any CPU.Build.0 = Debug|Any CPU
		{498DF6BA-F4F8-E292-28C0-11C3E7F33E4F}.Release|Any CPU.ActiveCfg = Release|Any CPU
		{498DF6BA-F4F8-E292-28C0-11C3E7F33E4F}.Release|Any CPU.Build.0 = Release|Any CPU
		{BDF575E6-ECA0-393E-F465-48675141F609}.Debug|Any CPU.ActiveCfg = Debug|Any CPU
		{BDF575E6-ECA0-393E-F465-48675141F609}.Debug|Any CPU.Build.0 = Debug|Any CPU
		{BDF575E6-ECA0-393E-F465-48675141F609}.Release|Any CPU.ActiveCfg = Release|Any CPU
		{BDF575E6-ECA0-393E-F465-48675141F609}.Release|Any CPU.Build.0 = Release|Any CPU
	EndGlobalSection
	GlobalSection(SolutionProperties) = preSolution
		HideSolutionNode = FALSE
	EndGlobalSection
EndGlobal
