Microsoft Visual Studio Solution File, Format Version 11.00
# Visual Studio 2008

Project("{D6063AD7-B031-30EF-B721-9A64ABDDCF3E}") = "Mediocrity", "Assembly-CSharp-firstpass.csproj", "{4831033B-2193-91F4-34C3-8AFAB1AEEB94}"
EndProject
Project("{D6063AD7-B031-30EF-B721-9A64ABDDCF3E}") = "Mediocrity", "Assembly-CSharp.csproj", "{BF0F6D27-9605-0E69-B901-599BC0385AFD}"
EndProject
Project("{D6063AD7-B031-30EF-B721-9A64ABDDCF3E}") = "Mediocrity", "Assembly-CSharp-Editor-firstpass.csproj", "{5E591089-2AC8-63AA-B008-042771AA51F5}"
EndProject
Global
	GlobalSection(SolutionConfigurationPlatforms) = preSolution
		Debug|Any CPU = Debug|Any CPU
		Release|Any CPU = Release|Any CPU
	EndGlobalSection
	GlobalSection(ProjectConfigurationPlatforms) = postSolution
		{4831033B-2193-91F4-34C3-8AFAB1AEEB94}.Debug|Any CPU.ActiveCfg = Debug|Any CPU
		{4831033B-2193-91F4-34C3-8AFAB1AEEB94}.Debug|Any CPU.Build.0 = Debug|Any CPU
		{4831033B-2193-91F4-34C3-8AFAB1AEEB94}.Release|Any CPU.ActiveCfg = Release|Any CPU
		{4831033B-2193-91F4-34C3-8AFAB1AEEB94}.Release|Any CPU.Build.0 = Release|Any CPU
		{BF0F6D27-9605-0E69-B901-599BC0385AFD}.Debug|Any CPU.ActiveCfg = Debug|Any CPU
		{BF0F6D27-9605-0E69-B901-599BC0385AFD}.Debug|Any CPU.Build.0 = Debug|Any CPU
		{BF0F6D27-9605-0E69-B901-599BC0385AFD}.Release|Any CPU.ActiveCfg = Release|Any CPU
		{BF0F6D27-9605-0E69-B901-599BC0385AFD}.Release|Any CPU.Build.0 = Release|Any CPU
		{5E591089-2AC8-63AA-B008-042771AA51F5}.Debug|Any CPU.ActiveCfg = Debug|Any CPU
		{5E591089-2AC8-63AA-B008-042771AA51F5}.Debug|Any CPU.Build.0 = Debug|Any CPU
		{5E591089-2AC8-63AA-B008-042771AA51F5}.Release|Any CPU.ActiveCfg = Release|Any CPU
		{5E591089-2AC8-63AA-B008-042771AA51F5}.Release|Any CPU.Build.0 = Release|Any CPU
	EndGlobalSection
	GlobalSection(SolutionProperties) = preSolution
		HideSolutionNode = FALSE
	EndGlobalSection
	GlobalSection(MonoDevelopProperties) = preSolution
		StartupItem = Assembly-CSharp.csproj
	EndGlobalSection
EndGlobal
